str 2026.2.24.85822 27d8bd9f91923c962cd2f476499a24915bd6b73ba506d5692e43853c0e9a1f1a
path 2026.2.22.9503 8319265a6a99247f0cc5210b6a1944464adb47697e2c753ddd058b5588cb9068
sha256 2026.2.22.81854 475e5308b5a564ca08e1c484eb08b0b347f60cffcde230b8eabb6271666beb35
toml 2026.2.25.49471 8c9d1da635e438f9943eff2b38d56c4dc069c5fa979c1fd878ac4f42c343bb98
env 2026.2.22.13223 301863b0074dff19cf97d1405ddc77a5c52951bb6e2f8f2c7f5afe062776b9cc
result 2026.2.22.4693 90f8f1236d3e5ef619e46ab298e8ac959427e9bbdc2fd29ce485641553130d2d
process 2026.2.22.13221 37e8512b5820d59331e82bcc4c78f96ac782a735c675bfdc0c747ec2f7d06f39
file 2026.2.25.22191 87850c63affe787a84de64407c1a47e242a7b30e03374bfa73f2cba3b7ecec19
builder 2026.2.25.12700 6946a9d73e7a9922e7fad7d0746a9770fcfc2f68c414db31a64a128c562ab890
arith 2026.2.25.16982 0f4b22115606ced0df61ffadf3518702136de571de5a2b553fe902cd5c3f8320
array 2026.2.24.49410 96101383dffba953df324e8843b904d44e53f28f20c9a74abf89671cc4d48844
argparse 2026.2.23.5791 73f9f5dc07557e2effb9c3db7263b734814384255bace1df35877e4366a89be7
