argparse 2026.2.23.5791 0
arith 2026.2.25.16982 0
array 2026.3.2.3624 0
builder 2026.3.7.7710 0
env 2026.3.2.6103 0
file 2026.3.2.3626 0
list 2026.3.7.17098 0
path 2026.2.22.9503 0
process 2026.3.7.17505 0
result 2026.2.26.8765 0
sha256 2026.2.22.81854 0
str 2026.3.5.7804 0
toml 2026.2.25.49471 0
arith 2026.2.25.16982 0
array 2026.3.2.3624 0
result 2026.2.26.8765 0
arith 2026.2.25.16982 0
array 2026.3.2.3624 0
result 2026.2.26.8765 0
arith 2026.2.25.16982 0
array 2026.3.2.3624 0
result 2026.2.26.8765 0
arith 2026.2.25.16982 0
array 2026.3.2.3624 0
result 2026.2.26.8765 0
arith 2026.2.25.16982 0
array 2026.3.2.3624 0
result 2026.2.26.8765 0
arith 2026.2.25.16982 0
array 2026.3.2.3624 0
result 2026.2.26.8765 0
arith 2026.2.25.16982 0
array 2026.3.2.3624 0
result 2026.2.26.8765 0
arith 2026.2.25.16982 0
array 2026.3.2.3624 0
result 2026.2.26.8765 0
arith 2026.2.25.16982 0
array 2026.3.2.3624 0
result 2026.2.26.8765 0
arith 2026.2.25.16982 0
array 2026.3.2.3624 0
result 2026.2.26.8765 0
